
Microsoft Visual Studio Solution File, Format Version 12.00
# Visual Studio 2013
VisualStudioVersion = 12.0.30723.0
MinimumVisualStudioVersion = 10.0.40219.1
Project("{2150E333-8FDC-42A3-9474-1A3956D46DE8}") = ".nuget", ".nuget", "{5AD35B12-4489-4405-9341-EC4529FF41A1}"
	ProjectSection(SolutionItems) = preProject
		.nuget\NuGet.Config = .nuget\NuGet.Config
		.nuget\NuGet.exe = .nuget\NuGet.exe
		.nuget\NuGet.targets = .nuget\NuGet.targets
	EndProjectSection
EndProject
Project("{2150E333-8FDC-42A3-9474-1A3956D46DE8}") = "Specification", "Specification", "{21988DA9-BD48-457E-B28A-36F68D7942AC}"
	ProjectSection(SolutionItems) = preProject
		doc\website-url.markdown = doc\website-url.markdown
	EndProjectSection
EndProject
Project("{FAE04EC0-301F-11D3-BF4B-00C04F79EFBC}") = "Oas", "Oas\Oas.csproj", "{13C7A238-1122-42B0-B6D6-BFCE1A816845}"
EndProject
Project("{FAE04EC0-301F-11D3-BF4B-00C04F79EFBC}") = "Oas.Domain", "Oas.Domain\Oas.Domain.csproj", "{E5C9B696-E044-4152-968B-141E07A1A208}"
EndProject
Project("{FAE04EC0-301F-11D3-BF4B-00C04F79EFBC}") = "Oas.Infrastructure", "Oas.Infrastructure\Oas.Infrastructure.csproj", "{99FDD5DD-74C8-400D-BDCB-214619EAA805}"
EndProject
Project("{FAE04EC0-301F-11D3-BF4B-00C04F79EFBC}") = "Oas.Membership", "Oas.Membership\Oas.Membership.csproj", "{76503A03-598B-42C6-899E-83F75BAB1C17}"
EndProject
Project("{FAE04EC0-301F-11D3-BF4B-00C04F79EFBC}") = "Oas.Service", "Oas.Service\Oas.Service.csproj", "{71E931C0-FB9D-44DB-8501-038C160163A6}"
EndProject
Global
	GlobalSection(SolutionConfigurationPlatforms) = preSolution
		Debug|Any CPU = Debug|Any CPU
		Release|Any CPU = Release|Any CPU
	EndGlobalSection
	GlobalSection(ProjectConfigurationPlatforms) = postSolution
		{13C7A238-1122-42B0-B6D6-BFCE1A816845}.Debug|Any CPU.ActiveCfg = Debug|Any CPU
		{13C7A238-1122-42B0-B6D6-BFCE1A816845}.Debug|Any CPU.Build.0 = Debug|Any CPU
		{13C7A238-1122-42B0-B6D6-BFCE1A816845}.Release|Any CPU.ActiveCfg = Release|Any CPU
		{13C7A238-1122-42B0-B6D6-BFCE1A816845}.Release|Any CPU.Build.0 = Release|Any CPU
		{E5C9B696-E044-4152-968B-141E07A1A208}.Debug|Any CPU.ActiveCfg = Debug|Any CPU
		{E5C9B696-E044-4152-968B-141E07A1A208}.Debug|Any CPU.Build.0 = Debug|Any CPU
		{E5C9B696-E044-4152-968B-141E07A1A208}.Release|Any CPU.ActiveCfg = Release|Any CPU
		{E5C9B696-E044-4152-968B-141E07A1A208}.Release|Any CPU.Build.0 = Release|Any CPU
		{99FDD5DD-74C8-400D-BDCB-214619EAA805}.Debug|Any CPU.ActiveCfg = Debug|Any CPU
		{99FDD5DD-74C8-400D-BDCB-214619EAA805}.Debug|Any CPU.Build.0 = Debug|Any CPU
		{99FDD5DD-74C8-400D-BDCB-214619EAA805}.Release|Any CPU.ActiveCfg = Release|Any CPU
		{99FDD5DD-74C8-400D-BDCB-214619EAA805}.Release|Any CPU.Build.0 = Release|Any CPU
		{76503A03-598B-42C6-899E-83F75BAB1C17}.Debug|Any CPU.ActiveCfg = Debug|Any CPU
		{76503A03-598B-42C6-899E-83F75BAB1C17}.Debug|Any CPU.Build.0 = Debug|Any CPU
		{76503A03-598B-42C6-899E-83F75BAB1C17}.Release|Any CPU.ActiveCfg = Release|Any CPU
		{76503A03-598B-42C6-899E-83F75BAB1C17}.Release|Any CPU.Build.0 = Release|Any CPU
		{71E931C0-FB9D-44DB-8501-038C160163A6}.Debug|Any CPU.ActiveCfg = Debug|Any CPU
		{71E931C0-FB9D-44DB-8501-038C160163A6}.Debug|Any CPU.Build.0 = Debug|Any CPU
		{71E931C0-FB9D-44DB-8501-038C160163A6}.Release|Any CPU.ActiveCfg = Release|Any CPU
		{71E931C0-FB9D-44DB-8501-038C160163A6}.Release|Any CPU.Build.0 = Release|Any CPU
	EndGlobalSection
	GlobalSection(SolutionProperties) = preSolution
		HideSolutionNode = FALSE
	EndGlobalSection
	GlobalSection(MonoDevelopProperties) = preSolution
		StartupItem = src\OnlineAssessment.Web\OnlineAssessment.Web.csproj
	EndGlobalSection
EndGlobal
